{
  "nodes": {
    "nixpkgs": {
      "locked": {
        "lastModified": 1786599213,
        "narHash": "sha256-yNJd40f11EzXBjSByCB7IPpeFFAdeoSKKM67dGkfFoU=",
        "owner": "NixOS",
        "repo": "nixpkgs",
        "rev": "0e251e24a4f24e036a084b6b4b2d2491af4167f4",
        "type": "github"
      },
      "original": {
        "owner": "NixOS",
        "ref": "nixos-unstable",
        "repo": "nixpkgs",
        "type": "github"
      }
    },
    "root": {
      "inputs": {
        "nixpkgs": "nixpkgs",
        "seams-core": "seams-core"
      }
    },
    "seams-core": {
      "flake": false,
      "locked": {
        "lastModified": 1791553584,
        "narHash": "sha256-9tLjz+HrdJN0Ok1ByH/URGDnfFMCxtDec0bsQpb1EC4=",
        "owner": "d-SEAMS",
        "repo": "seams-core",
        "rev": "9f963b725b6665b162a7487840574446a47fe408",
        "type": "github"
      },
      "original": {
        "owner": "d-SEAMS",
        "repo": "seams-core",
        "type": "github"
      }
    }
  },
  "root": "root",
  "version": 7
}
