{
  "nodes": {
    "nixpkgs": {
      "locked": {
        "lastModified": 1786599213,
        "narHash": "sha256-yNJd40f11EzXBjSByCB7IPpeFFAdeoSKKM67dGkfFoU=",
        "owner": "NixOS",
        "repo": "nixpkgs",
        "rev": "0e251e24a4f24e036a084b6b4b2d2491af4167f4",
        "type": "github"
      },
      "original": {
        "owner": "NixOS",
        "ref": "nixos-unstable",
        "repo": "nixpkgs",
        "type": "github"
      }
    },
    "root": {
      "inputs": {
        "nixpkgs": "nixpkgs",
        "seams-core": "seams-core"
      }
    },
    "seams-core": {
      "flake": false,
      "locked": {
        "lastModified": 1791551080,
        "narHash": "sha256-/btdAL8c2EgaUhhc3n5mlJ2pnRSAXqKv2BBHYcXc36g=",
        "owner": "d-SEAMS",
        "repo": "seams-core",
        "rev": "9b97c1dd922033450e59712a1380f0e9b728d911",
        "type": "github"
      },
      "original": {
        "owner": "d-SEAMS",
        "repo": "seams-core",
        "type": "github"
      }
    }
  },
  "root": "root",
  "version": 7
}
